
Microsoft Visual Studio Solution File, Format Version 12.00
Project("{FAE04EC0-301F-11D3-BF4B-00C04F79EFBC}") = "ConsoleApp2", "ConsoleApp2\ConsoleApp2.csproj", "{9CD4D4A5-A288-4B42-A940-609A68AB322C}"
EndProject
Project("{FAE04EC0-301F-11D3-BF4B-00C04F79EFBC}") = "ConsoleApp2.Tests", "ConsoleApp2.Tests\ConsoleApp2.Tests.csproj", "{C240F371-9478-40DC-AFAB-3FFA2D925098}"
EndProject
Global
	GlobalSection(SolutionConfigurationPlatforms) = preSolution
		Debug|Any CPU = Debug|Any CPU
		Debug|x64 = Debug|x64
		Debug|x86 = Debug|x86
		Release|Any CPU = Release|Any CPU
		Release|x64 = Release|x64
		Release|x86 = Release|x86
	EndGlobalSection
	GlobalSection(ProjectConfigurationPlatforms) = postSolution
		{9CD4D4A5-A288-4B42-A940-609A68AB322C}.Debug|Any CPU.ActiveCfg = Debug|Any CPU
		{9CD4D4A5-A288-4B42-A940-609A68AB322C}.Debug|Any CPU.Build.0 = Debug|Any CPU
		{9CD4D4A5-A288-4B42-A940-609A68AB322C}.Debug|x64.ActiveCfg = Debug|Any CPU
		{9CD4D4A5-A288-4B42-A940-609A68AB322C}.Debug|x64.Build.0 = Debug|Any CPU
		{9CD4D4A5-A288-4B42-A940-609A68AB322C}.Debug|x86.ActiveCfg = Debug|Any CPU
		{9CD4D4A5-A288-4B42-A940-609A68AB322C}.Debug|x86.Build.0 = Debug|Any CPU
		{9CD4D4A5-A288-4B42-A940-609A68AB322C}.Release|Any CPU.ActiveCfg = Release|Any CPU
		{9CD4D4A5-A288-4B42-A940-609A68AB322C}.Release|Any CPU.Build.0 = Release|Any CPU
		{9CD4D4A5-A288-4B42-A940-609A68AB322C}.Release|x64.ActiveCfg = Release|Any CPU
		{9CD4D4A5-A288-4B42-A940-609A68AB322C}.Release|x64.Build.0 = Release|Any CPU
		{9CD4D4A5-A288-4B42-A940-609A68AB322C}.Release|x86.ActiveCfg = Release|Any CPU
		{9CD4D4A5-A288-4B42-A940-609A68AB322C}.Release|x86.Build.0 = Release|Any CPU
		{C240F371-9478-40DC-AFAB-3FFA2D925098}.Debug|Any CPU.ActiveCfg = Debug|Any CPU
		{C240F371-9478-40DC-AFAB-3FFA2D925098}.Debug|Any CPU.Build.0 = Debug|Any CPU
		{C240F371-9478-40DC-AFAB-3FFA2D925098}.Debug|x64.ActiveCfg = Debug|Any CPU
		{C240F371-9478-40DC-AFAB-3FFA2D925098}.Debug|x64.Build.0 = Debug|Any CPU
		{C240F371-9478-40DC-AFAB-3FFA2D925098}.Debug|x86.ActiveCfg = Debug|Any CPU
		{C240F371-9478-40DC-AFAB-3FFA2D925098}.Debug|x86.Build.0 = Debug|Any CPU
		{C240F371-9478-40DC-AFAB-3FFA2D925098}.Release|Any CPU.ActiveCfg = Release|Any CPU
		{C240F371-9478-40DC-AFAB-3FFA2D925098}.Release|Any CPU.Build.0 = Release|Any CPU
		{C240F371-9478-40DC-AFAB-3FFA2D925098}.Release|x64.ActiveCfg = Release|Any CPU
		{C240F371-9478-40DC-AFAB-3FFA2D925098}.Release|x64.Build.0 = Release|Any CPU
		{C240F371-9478-40DC-AFAB-3FFA2D925098}.Release|x86.ActiveCfg = Release|Any CPU
		{C240F371-9478-40DC-AFAB-3FFA2D925098}.Release|x86.Build.0 = Release|Any CPU
	EndGlobalSection
	GlobalSection(SolutionProperties) = preSolution
		HideSolutionNode = FALSE
	EndGlobalSection
EndGlobal
